
Microsoft Visual Studio Solution File, Format Version 12.00
# Visual Studio Version 17
VisualStudioVersion = 17.4.33122.133
MinimumVisualStudioVersion = 10.0.40219.1
Project("{9A19103F-16F7-4668-BE54-9A1E7A4F7556}") = "FoodOrderingSystem", "FoodOrderingSystem\FoodOrderingSystem.csproj", "{4FC5F11D-B4CD-4241-9673-E38551786542}"
EndProject
Global
	GlobalSection(SolutionConfigurationPlatforms) = preSolution
		Debug|Any CPU = Debug|Any CPU
		Release|Any CPU = Release|Any CPU
	EndGlobalSection
	GlobalSection(ProjectConfigurationPlatforms) = postSolution
		{4FC5F11D-B4CD-4241-9673-E38551786542}.Debug|Any CPU.ActiveCfg = Debug|Any CPU
		{4FC5F11D-B4CD-4241-9673-E38551786542}.Debug|Any CPU.Build.0 = Debug|Any CPU
		{4FC5F11D-B4CD-4241-9673-E38551786542}.Release|Any CPU.ActiveCfg = Release|Any CPU
		{4FC5F11D-B4CD-4241-9673-E38551786542}.Release|Any CPU.Build.0 = Release|Any CPU
	EndGlobalSection
	GlobalSection(SolutionProperties) = preSolution
		HideSolutionNode = FALSE
	EndGlobalSection
	GlobalSection(ExtensibilityGlobals) = postSolution
		SolutionGuid = {5C767183-D801-4F2B-B5D8-573C77DBC0C7}
	EndGlobalSection
EndGlobal
